
Microsoft Visual Studio Solution File, Format Version 12.00
# Visual Studio 2012
Project("{8BC9CEB8-8B4A-11D0-8D11-00A0C91BC942}") = "Lexus", "Lexus.vcxproj", "{AB2F6F33-C2B1-410D-8642-45688B15FCAA}"
EndProject
Global
	GlobalSection(SolutionConfigurationPlatforms) = preSolution
		Debug|Win32 = Debug|Win32
		Release|Win32 = Release|Win32
	EndGlobalSection
	GlobalSection(ProjectConfigurationPlatforms) = postSolution
		{AB2F6F33-C2B1-410D-8642-45688B15FCAA}.Debug|Win32.ActiveCfg = Debug|Win32
		{AB2F6F33-C2B1-410D-8642-45688B15FCAA}.Debug|Win32.Build.0 = Debug|Win32
		{AB2F6F33-C2B1-410D-8642-45688B15FCAA}.Release|Win32.ActiveCfg = Release|Win32
		{AB2F6F33-C2B1-410D-8642-45688B15FCAA}.Release|Win32.Build.0 = Release|Win32
	EndGlobalSection
	GlobalSection(SolutionProperties) = preSolution
		HideSolutionNode = FALSE
	EndGlobalSection
EndGlobal
