Microsoft Visual Studio Solution File, Format Version 12.00
# Visual Studio 2012
Project("{8BC9CEB8-8B4A-11D0-8D11-00A0C91BC942}") = "SerialComms", "SerialComms.vcxproj", "{0643B781-39BB-4DA2-ABAF-7596E7DC594C}"
EndProject
Global
	GlobalSection(SolutionConfigurationPlatforms) = preSolution
		Debug|Win32 = Debug|Win32
		Release|Win32 = Release|Win32
	EndGlobalSection
	GlobalSection(ProjectConfigurationPlatforms) = postSolution
		{0643B781-39BB-4DA2-ABAF-7596E7DC594C}.Debug|Win32.ActiveCfg = Debug|Win32
		{0643B781-39BB-4DA2-ABAF-7596E7DC594C}.Debug|Win32.Build.0 = Debug|Win32
		{0643B781-39BB-4DA2-ABAF-7596E7DC594C}.Release|Win32.ActiveCfg = Release|Win32
		{0643B781-39BB-4DA2-ABAF-7596E7DC594C}.Release|Win32.Build.0 = Release|Win32
	EndGlobalSection
	GlobalSection(SolutionProperties) = preSolution
		HideSolutionNode = FALSE
	EndGlobalSection
EndGlobal
