<?xml version="1.0" encoding="utf-8"?>
<Project ToolsVersion="4.0" xmlns="http://schemas.microsoft.com/developer/msbuild/2003">
  <ItemGroup>
    <Filter Include="Headers">
      <UniqueIdentifier>{40317f05-8ef1-4592-8d98-5f3049bd0a8f}</UniqueIdentifier>
    </Filter>
    <Filter Include="Source">
      <UniqueIdentifier>{9cc86326-a597-4f38-adf0-069ba66e00d9}</UniqueIdentifier>
    </Filter>
  </ItemGroup>
  <ItemGroup>
    <ClInclude Include="..\..\Source code\Global files\allocateDLL.h">
      <Filter>Headers</Filter>
    </ClInclude>
    <ClInclude Include="..\..\Source code\Global files\cArgDLL.h">
      <Filter>Headers</Filter>
    </ClInclude>
    <ClInclude Include="..\..\Source code\Global files\ctextDLL.h">
      <Filter>Headers</Filter>
    </ClInclude>
    <ClInclude Include="..\..\Source code\Global files\includesDLL.h">
      <Filter>Headers</Filter>
    </ClInclude>
    <ClInclude Include="..\..\Source code\Global files\utilitiesDLL.h">
      <Filter>Headers</Filter>
    </ClInclude>
    <ClInclude Include="..\..\Source code\Global files\variablesClassDLL.h">
      <Filter>Headers</Filter>
    </ClInclude>
    <ClInclude Include="..\..\Source code\Global files\variablesOtherDLL.h">
      <Filter>Headers</Filter>
    </ClInclude>
  </ItemGroup>
  <ItemGroup>
    <ClCompile Include="..\..\Source code\Global files\utilitiesDLL.cpp">
      <Filter>Headers</Filter>
    </ClCompile>
    <ClCompile Include="..\..\Source code\License\License.cpp">
      <Filter>Source</Filter>
    </ClCompile>
  </ItemGroup>
</Project>