<?xml version="1.0" encoding="utf-8"?>
<Project ToolsVersion="4.0" xmlns="http://schemas.microsoft.com/developer/msbuild/2003">
  <ItemGroup>
    <ClCompile Include="..\Main Source Code\Source Code\2DFunctions.cpp">
      <Filter>Source Files</Filter>
    </ClCompile>
    <ClCompile Include="..\Main Source Code\Source Code\3DFunctions.cpp">
      <Filter>Source Files</Filter>
    </ClCompile>
    <ClCompile Include="..\Main Source Code\Source Code\4DFunctions.cpp">
      <Filter>Source Files</Filter>
    </ClCompile>
    <ClCompile Include="..\Main Source Code\Source Code\allocate.cpp">
      <Filter>Source Files</Filter>
    </ClCompile>
    <ClCompile Include="..\Main Source Code\Source Code\array.cpp">
      <Filter>Source Files</Filter>
    </ClCompile>
    <ClCompile Include="..\Main Source Code\Source Code\AviFile.cpp">
      <Filter>Source Files</Filter>
    </ClCompile>
    <ClCompile Include="..\Main Source Code\Source Code\ax.cpp">
      <Filter>Source Files</Filter>
    </ClCompile>
    <ClCompile Include="..\Main Source Code\Source Code\Axis.cpp">
      <Filter>Source Files</Filter>
    </ClCompile>
    <ClCompile Include="..\Main Source Code\Source Code\AxisFile.cpp">
      <Filter>Source Files</Filter>
    </ClCompile>
    <ClCompile Include="..\Main Source Code\Source Code\BabyGrid.cpp">
      <Filter>Source Files</Filter>
    </ClCompile>
    <ClCompile Include="..\Main Source Code\Source Code\bitmap.cpp">
      <Filter>Source Files</Filter>
    </ClCompile>
    <ClCompile Include="..\Main Source Code\Source Code\cArg.cpp">
      <Filter>Source Files</Filter>
    </ClCompile>
    <ClCompile Include="..\Main Source Code\Source Code\class_functions.cpp">
      <Filter>Source Files</Filter>
    </ClCompile>
    <ClCompile Include="..\Main Source Code\Source Code\cli_events.cpp">
      <Filter>Source Files</Filter>
    </ClCompile>
    <ClCompile Include="..\Main Source Code\Source Code\cli_files.cpp">
      <Filter>Source Files</Filter>
    </ClCompile>
    <ClCompile Include="..\Main Source Code\Source Code\CmdInfo.cpp">
      <Filter>Source Files</Filter>
    </ClCompile>
    <ClCompile Include="..\Main Source Code\Source Code\command_class.cpp">
      <Filter>Source Files</Filter>
    </ClCompile>
    <ClCompile Include="..\Main Source Code\Source Code\command_other.cpp">
      <Filter>Source Files</Filter>
    </ClCompile>
    <ClCompile Include="..\Main Source Code\Source Code\CommandRegistry.cpp">
      <Filter>Source Files</Filter>
    </ClCompile>
    <ClCompile Include="..\Main Source Code\Source Code\control.cpp">
      <Filter>Source Files</Filter>
    </ClCompile>
    <ClCompile Include="..\Main Source Code\Source Code\ctext.cpp">
      <Filter>Source Files</Filter>
    </ClCompile>
    <ClCompile Include="..\Main Source Code\Source Code\ctext_utilities.cpp">
      <Filter>Source Files</Filter>
    </ClCompile>
    <ClCompile Include="..\Main Source Code\Source Code\debug.cpp">
      <Filter>Source Files</Filter>
    </ClCompile>
    <ClCompile Include="..\Main Source Code\Source Code\defineWindows.cpp">
      <Filter>Source Files</Filter>
    </ClCompile>
    <ClCompile Include="..\Main Source Code\Source Code\dialog_utilities.cpp">
      <Filter>Source Files</Filter>
    </ClCompile>
    <ClCompile Include="..\Main Source Code\Source Code\dialogs.cpp">
      <Filter>Source Files</Filter>
    </ClCompile>
    <ClCompile Include="..\Main Source Code\Source Code\dividers.cpp">
      <Filter>Source Files</Filter>
    </ClCompile>
    <ClCompile Include="..\Main Source Code\Source Code\dll_interface.cpp">
      <Filter>Source Files</Filter>
    </ClCompile>
    <ClCompile Include="..\Main Source Code\Source Code\drawing.cpp">
      <Filter>Source Files</Filter>
    </ClCompile>
    <ClCompile Include="..\Main Source Code\Source Code\drawvector.cpp">
      <Filter>Source Files</Filter>
    </ClCompile>
    <ClCompile Include="..\Main Source Code\Source Code\edit_class.cpp">
      <Filter>Source Files</Filter>
    </ClCompile>
    <ClCompile Include="..\Main Source Code\Source Code\edit_dialogs.cpp">
      <Filter>Source Files</Filter>
    </ClCompile>
    <ClCompile Include="..\Main Source Code\Source Code\edit_events.cpp">
      <Filter>Source Files</Filter>
    </ClCompile>
    <ClCompile Include="..\Main Source Code\Source Code\edit_files.cpp">
      <Filter>Source Files</Filter>
    </ClCompile>
    <ClCompile Include="..\Main Source Code\Source Code\edit_utilities.cpp">
      <Filter>Source Files</Filter>
    </ClCompile>
    <ClCompile Include="..\Main Source Code\Source Code\editParent.cpp">
      <Filter>Source Files</Filter>
    </ClCompile>
    <ClCompile Include="..\Main Source Code\Source Code\environment.cpp">
      <Filter>Source Files</Filter>
    </ClCompile>
    <ClCompile Include="..\Main Source Code\Source Code\error.cpp">
      <Filter>Source Files</Filter>
    </ClCompile>
    <ClCompile Include="..\Main Source Code\Source Code\evaluate.cpp">
      <Filter>Source Files</Filter>
    </ClCompile>
    <ClCompile Include="..\Main Source Code\Source Code\evaluate_complex.cpp">
      <Filter>Source Files</Filter>
    </ClCompile>
    <ClCompile Include="..\Main Source Code\Source Code\evaluate_simple.cpp">
      <Filter>Source Files</Filter>
    </ClCompile>
    <ClCompile Include="..\Main Source Code\Source Code\export_data_1d.cpp">
      <Filter>Source Files</Filter>
    </ClCompile>
    <ClCompile Include="..\Main Source Code\Source Code\export_data_2d.cpp">
      <Filter>Source Files</Filter>
    </ClCompile>
    <ClCompile Include="..\Main Source Code\Source Code\export_data_3d.cpp">
      <Filter>Source Files</Filter>
    </ClCompile>
    <ClCompile Include="..\Main Source Code\Source Code\files.cpp">
      <Filter>Source Files</Filter>
    </ClCompile>
    <ClCompile Include="..\Main Source Code\Source Code\fista.cpp">
      <Filter>Source Files</Filter>
    </ClCompile>
    <ClCompile Include="..\Main Source Code\Source Code\folderBrowser.cpp">
      <Filter>Source Files</Filter>
    </ClCompile>
    <ClCompile Include="..\Main Source Code\Source Code\font.cpp">
      <Filter>Source Files</Filter>
    </ClCompile>
    <ClCompile Include="..\Main Source Code\Source Code\fourier.cpp">
      <Filter>Source Files</Filter>
    </ClCompile>
    <ClCompile Include="..\Main Source Code\Source Code\gridcontrol.cpp">
      <Filter>Source Files</Filter>
    </ClCompile>
    <ClCompile Include="..\Main Source Code\Source Code\guiInteractiveWindowBuilder.cpp">
      <Filter>Source Files</Filter>
    </ClCompile>
    <ClCompile Include="..\Main Source Code\Source Code\guiMakeObjects.cpp">
      <Filter>Source Files</Filter>
    </ClCompile>
    <ClCompile Include="..\Main Source Code\Source Code\guiModifyObjectParameters.cpp">
      <Filter>Source Files</Filter>
    </ClCompile>
    <ClCompile Include="..\Main Source Code\Source Code\guiObjectClass.cpp">
      <Filter>Source Files</Filter>
    </ClCompile>
    <ClCompile Include="..\Main Source Code\Source Code\guiWindowClass.cpp">
      <Filter>Source Files</Filter>
    </ClCompile>
    <ClCompile Include="..\Main Source Code\Source Code\guiWindowCLI.cpp">
      <Filter>Source Files</Filter>
    </ClCompile>
    <ClCompile Include="..\Main Source Code\Source Code\guiWindowsEvents.cpp">
      <Filter>Source Files</Filter>
    </ClCompile>
    <ClCompile Include="..\Main Source Code\Source Code\hr_time.cpp">
      <Filter>Source Files</Filter>
    </ClCompile>
    <ClCompile Include="..\Main Source Code\Source Code\htmlViewer.cpp">
      <Filter>Source Files</Filter>
    </ClCompile>
    <ClCompile Include="..\Main Source Code\Source Code\import_data_1d.cpp">
      <Filter>Source Files</Filter>
    </ClCompile>
    <ClCompile Include="..\Main Source Code\Source Code\import_data_2d.cpp">
      <Filter>Source Files</Filter>
    </ClCompile>
    <ClCompile Include="..\Main Source Code\Source Code\import_data_3d.cpp">
      <Filter>Source Files</Filter>
    </ClCompile>
    <ClCompile Include="..\Main Source Code\Source Code\importexport_utilities.cpp">
      <Filter>Source Files</Filter>
    </ClCompile>
    <ClCompile Include="..\Main Source Code\Source Code\Inset.cpp">
      <Filter>Source Files</Filter>
    </ClCompile>
    <ClCompile Include="..\Main Source Code\Source Code\InsetFile.cpp">
      <Filter>Source Files</Filter>
    </ClCompile>
    <ClCompile Include="..\Main Source Code\Source Code\integration.cpp">
      <Filter>Source Files</Filter>
    </ClCompile>
    <ClCompile Include="..\Main Source Code\Source Code\interface.cpp">
      <Filter>Source Files</Filter>
    </ClCompile>
    <ClCompile Include="..\Main Source Code\Source Code\LandH.cpp">
      <Filter>Source Files</Filter>
    </ClCompile>
    <ClCompile Include="..\Main Source Code\Source Code\license.cpp">
      <Filter>Source Files</Filter>
    </ClCompile>
    <ClCompile Include="..\Main Source Code\Source Code\list_functions.cpp">
      <Filter>Source Files</Filter>
    </ClCompile>
    <ClCompile Include="..\Main Source Code\Source Code\listbox.cpp">
      <Filter>Source Files</Filter>
    </ClCompile>
    <ClCompile Include="..\Main Source Code\Source Code\load_save_data.cpp">
      <Filter>Source Files</Filter>
    </ClCompile>
    <ClCompile Include="..\Main Source Code\Source Code\macro_class.cpp">
      <Filter>Source Files</Filter>
    </ClCompile>
    <ClCompile Include="..\Main Source Code\Source Code\math.cpp">
      <Filter>Source Files</Filter>
    </ClCompile>
    <ClCompile Include="..\Main Source Code\Source Code\main.cpp">
      <Filter>Source Files</Filter>
    </ClCompile>
    <ClCompile Include="..\Main Source Code\Source Code\message.cpp">
      <Filter>Source Files</Filter>
    </ClCompile>
    <ClCompile Include="..\Main Source Code\Source Code\metafile.cpp">
      <Filter>Source Files</Filter>
    </ClCompile>
    <ClCompile Include="..\Main Source Code\Source Code\movie.cpp">
      <Filter>Source Files</Filter>
    </ClCompile>
    <ClCompile Include="..\Main Source Code\Source Code\Observer.cpp">
      <Filter>Source Files</Filter>
    </ClCompile>
    <ClCompile Include="..\Main Source Code\Source Code\opengl.cpp">
      <Filter>Source Files</Filter>
    </ClCompile>
    <ClCompile Include="..\Main Source Code\Source Code\openglClass.cpp">
      <Filter>Source Files</Filter>
    </ClCompile>
    <ClCompile Include="..\Main Source Code\Source Code\panel.cpp">
      <Filter>Source Files</Filter>
    </ClCompile>
    <ClCompile Include="..\Main Source Code\Source Code\phase.cpp">
      <Filter>Source Files</Filter>
    </ClCompile>
    <ClCompile Include="..\Main Source Code\Source Code\Plot.cpp">
      <Filter>Source Files</Filter>
    </ClCompile>
    <ClCompile Include="..\Main Source Code\Source Code\plot1dCLI.cpp">
      <Filter>Source Files</Filter>
    </ClCompile>
    <ClCompile Include="..\Main Source Code\Source Code\plot1dEvents.cpp">
      <Filter>Source Files</Filter>
    </ClCompile>
    <ClCompile Include="..\Main Source Code\Source Code\Plot2D.cpp">
      <Filter>Source Files</Filter>
    </ClCompile>
    <ClCompile Include="..\Main Source Code\Source Code\plot2dCLI.cpp">
      <Filter>Source Files</Filter>
    </ClCompile>
    <ClCompile Include="..\Main Source Code\Source Code\plot2dEvents.cpp">
      <Filter>Source Files</Filter>
    </ClCompile>
    <ClCompile Include="..\Main Source Code\Source Code\plot2dFiles.cpp">
      <Filter>Source Files</Filter>
    </ClCompile>
    <ClCompile Include="..\Main Source Code\Source Code\plot3dClass.cpp">
      <Filter>Source Files</Filter>
    </ClCompile>
    <ClCompile Include="..\Main Source Code\Source Code\plot3dEvents.cpp">
      <Filter>Source Files</Filter>
    </ClCompile>
    <ClCompile Include="..\Main Source Code\Source Code\plot3dSurface.cpp">
      <Filter>Source Files</Filter>
    </ClCompile>
    <ClCompile Include="..\Main Source Code\Source Code\plot_dialog_1d.cpp">
      <Filter>Source Files</Filter>
    </ClCompile>
    <ClCompile Include="..\Main Source Code\Source Code\plot_load_save_1d.cpp">
      <Filter>Source Files</Filter>
    </ClCompile>
    <ClCompile Include="..\Main Source Code\Source Code\plotCLI.cpp">
      <Filter>Source Files</Filter>
    </ClCompile>
    <ClCompile Include="..\Main Source Code\Source Code\PlotDimensions.cpp">
      <Filter>Source Files</Filter>
    </ClCompile>
    <ClCompile Include="..\Main Source Code\Source Code\PlotFactories.cpp">
      <Filter>Source Files</Filter>
    </ClCompile>
    <ClCompile Include="..\Main Source Code\Source Code\PlotFile.cpp">
      <Filter>Source Files</Filter>
    </ClCompile>
    <ClCompile Include="..\Main Source Code\Source Code\PlotGrid.cpp">
      <Filter>Source Files</Filter>
    </ClCompile>
    <ClCompile Include="..\Main Source Code\Source Code\PlotGridFile.cpp">
      <Filter>Source Files</Filter>
    </ClCompile>
    <ClCompile Include="..\Main Source Code\Source Code\PlotLabel.cpp">
      <Filter>Source Files</Filter>
    </ClCompile>
    <ClCompile Include="..\Main Source Code\Source Code\PlotLabelFile.cpp">
      <Filter>Source Files</Filter>
    </ClCompile>
    <ClCompile Include="..\Main Source Code\Source Code\PlotLegendFile.cpp">
      <Filter>Source Files</Filter>
    </ClCompile>
    <ClCompile Include="..\Main Source Code\Source Code\plotLine.cpp">
      <Filter>Source Files</Filter>
    </ClCompile>
    <ClCompile Include="..\Main Source Code\Source Code\plotText.cpp">
      <Filter>Source Files</Filter>
    </ClCompile>
    <ClCompile Include="..\Main Source Code\Source Code\Plot1D.cpp">
      <Filter>Source Files</Filter>
    </ClCompile>
    <ClCompile Include="..\Main Source Code\Source Code\PlotWindow1D.cpp">
      <Filter>Source Files</Filter>
    </ClCompile>
    <ClCompile Include="..\Main Source Code\Source Code\PlotWindow2D.cpp">
      <Filter>Source Files</Filter>
    </ClCompile>
    <ClCompile Include="..\Main Source Code\Source Code\PlotWindow.cpp">
      <Filter>Source Files</Filter>
    </ClCompile>
    <ClCompile Include="..\Main Source Code\Source Code\preferences.cpp">
      <Filter>Source Files</Filter>
    </ClCompile>
    <ClCompile Include="..\Main Source Code\Source Code\print.cpp">
      <Filter>Source Files</Filter>
    </ClCompile>
    <ClCompile Include="..\Main Source Code\Source Code\process.cpp">
      <Filter>Source Files</Filter>
    </ClCompile>
    <ClCompile Include="..\Main Source Code\Source Code\ProspaCmdInfo.cpp">
      <Filter>Source Files</Filter>
    </ClCompile>
    <ClCompile Include="..\Main Source Code\Source Code\scanstrings.cpp">
      <Filter>Source Files</Filter>
    </ClCompile>
    <ClCompile Include="..\Main Source Code\Source Code\ShortRect.cpp">
      <Filter>Source Files</Filter>
    </ClCompile>
    <ClCompile Include="..\Main Source Code\Source Code\sounds.cpp">
      <Filter>Source Files</Filter>
    </ClCompile>
    <ClCompile Include="..\Main Source Code\Source Code\start_exit.cpp">
      <Filter>Source Files</Filter>
    </ClCompile>
    <ClCompile Include="..\Main Source Code\Source Code\stdafx.cpp">
      <Filter>Source Files</Filter>
    </ClCompile>
    <ClCompile Include="..\Main Source Code\Source Code\string_utilities.cpp">
      <Filter>Source Files</Filter>
    </ClCompile>
    <ClCompile Include="..\Main Source Code\Source Code\StringPairs.cpp">
      <Filter>Source Files</Filter>
    </ClCompile>
    <ClCompile Include="..\Main Source Code\Source Code\structure.cpp">
      <Filter>Source Files</Filter>
    </ClCompile>
    <ClCompile Include="..\Main Source Code\Source Code\syntax_viewer.cpp">
      <Filter>Source Files</Filter>
    </ClCompile>
    <ClCompile Include="..\Main Source Code\Source Code\thread.cpp">
      <Filter>Source Files</Filter>
    </ClCompile>
    <ClCompile Include="..\Main Source Code\Source Code\Ticks.cpp">
      <Filter>Source Files</Filter>
    </ClCompile>
    <ClCompile Include="..\Main Source Code\Source Code\TicksFile.cpp">
      <Filter>Source Files</Filter>
    </ClCompile>
    <ClCompile Include="..\Main Source Code\Source Code\time.cpp">
      <Filter>Source Files</Filter>
    </ClCompile>
    <ClCompile Include="..\Main Source Code\Source Code\trace.cpp">
      <Filter>Source Files</Filter>
    </ClCompile>
    <ClCompile Include="..\Main Source Code\Source Code\TraceFile.cpp">
      <Filter>Source Files</Filter>
    </ClCompile>
    <ClCompile Include="..\Main Source Code\Source Code\TracePar.cpp">
      <Filter>Source Files</Filter>
    </ClCompile>
    <ClCompile Include="..\Main Source Code\Source Code\TraceParCLI.cpp">
      <Filter>Source Files</Filter>
    </ClCompile>
    <ClCompile Include="..\Main Source Code\Source Code\Translator.cpp">
      <Filter>Source Files</Filter>
    </ClCompile>
    <ClCompile Include="..\Main Source Code\Source Code\trie.cpp">
      <Filter>Source Files</Filter>
    </ClCompile>
    <ClCompile Include="..\Main Source Code\Source Code\USBConnectTest.cpp">
      <Filter>Source Files</Filter>
    </ClCompile>
    <ClCompile Include="..\Main Source Code\Source Code\utilities.cpp">
      <Filter>Source Files</Filter>
    </ClCompile>
    <ClCompile Include="..\Main Source Code\Source Code\variables_class.cpp">
      <Filter>Source Files</Filter>
    </ClCompile>
    <ClCompile Include="..\Main Source Code\Source Code\variables_other.cpp">
      <Filter>Source Files</Filter>
    </ClCompile>
    <ClCompile Include="..\Main Source Code\Source Code\WidgetCmdInfo.cpp">
      <Filter>Source Files</Filter>
    </ClCompile>
    <ClCompile Include="..\Main Source Code\Source Code\WidgetRegistry.cpp">
      <Filter>Source Files</Filter>
    </ClCompile>
    <ClCompile Include="..\Main Source Code\Source Code\winEnableClass.cpp">
      <Filter>Source Files</Filter>
    </ClCompile>
    <ClCompile Include="..\Main Source Code\Source Code\waterfall.cpp">
      <Filter>Source Files</Filter>
    </ClCompile>
    <ClCompile Include="..\Main Source Code\Source Code\cache.cpp">
      <Filter>Source Files</Filter>
    </ClCompile>
    <ClCompile Include="..\Main Source Code\Source Code\button.cpp">
      <Filter>Source Files</Filter>
    </ClCompile>
  </ItemGroup>
  <ItemGroup>
    <ClInclude Include="..\Main Source Code\Source Code\2DFunctions.h">
      <Filter>Header Files</Filter>
    </ClInclude>
    <ClInclude Include="..\Main Source Code\Source Code\3DFunctions.h">
      <Filter>Header Files</Filter>
    </ClInclude>
    <ClInclude Include="..\Main Source Code\Source Code\4DFunctions.h">
      <Filter>Header Files</Filter>
    </ClInclude>
    <ClInclude Include="..\Main Source Code\Source Code\allocate.h">
      <Filter>Header Files</Filter>
    </ClInclude>
    <ClInclude Include="..\Main Source Code\Source Code\appName.h">
      <Filter>Header Files</Filter>
    </ClInclude>
    <ClInclude Include="..\Main Source Code\Source Code\array.h">
      <Filter>Header Files</Filter>
    </ClInclude>
    <ClInclude Include="..\Main Source Code\Source Code\ax.h">
      <Filter>Header Files</Filter>
    </ClInclude>
    <ClInclude Include="..\Main Source Code\Source Code\Axis.h">
      <Filter>Header Files</Filter>
    </ClInclude>
    <ClInclude Include="..\Main Source Code\Source Code\AxisFile.h">
      <Filter>Header Files</Filter>
    </ClInclude>
    <ClInclude Include="..\Main Source Code\Source Code\BabyGrid.h">
      <Filter>Header Files</Filter>
    </ClInclude>
    <ClInclude Include="..\Main Source Code\Source Code\bitmap.h">
      <Filter>Header Files</Filter>
    </ClInclude>
    <ClInclude Include="..\Main Source Code\Source Code\cArg.h">
      <Filter>Header Files</Filter>
    </ClInclude>
    <ClInclude Include="..\Main Source Code\Source Code\classFunctions.h">
      <Filter>Header Files</Filter>
    </ClInclude>
    <ClInclude Include="..\Main Source Code\Source Code\cli_events.h">
      <Filter>Header Files</Filter>
    </ClInclude>
    <ClInclude Include="..\Main Source Code\Source Code\cli_files.h">
      <Filter>Header Files</Filter>
    </ClInclude>
    <ClInclude Include="..\Main Source Code\Source Code\CmdInfo.h">
      <Filter>Header Files</Filter>
    </ClInclude>
    <ClInclude Include="..\Main Source Code\Source Code\command.h">
      <Filter>Header Files</Filter>
    </ClInclude>
    <ClInclude Include="..\Main Source Code\Source Code\command_other.h">
      <Filter>Header Files</Filter>
    </ClInclude>
    <ClInclude Include="..\Main Source Code\Source Code\CommandRegistry.h">
      <Filter>Header Files</Filter>
    </ClInclude>
    <ClInclude Include="..\Main Source Code\Source Code\dialogs.h">
      <Filter>Source Files</Filter>
    </ClInclude>
    <ClInclude Include="..\Main Source Code\Source Code\control.h">
      <Filter>Header Files</Filter>
    </ClInclude>
    <ClInclude Include="..\Main Source Code\Source Code\ctext.h">
      <Filter>Header Files</Filter>
    </ClInclude>
    <ClInclude Include="..\Main Source Code\Source Code\ctext_utilities.h">
      <Filter>Header Files</Filter>
    </ClInclude>
    <ClInclude Include="..\Main Source Code\Source Code\debug.h">
      <Filter>Header Files</Filter>
    </ClInclude>
    <ClInclude Include="..\Main Source Code\Source Code\defines.h">
      <Filter>Header Files</Filter>
    </ClInclude>
    <ClInclude Include="..\Main Source Code\Source Code\defineWindows.h">
      <Filter>Header Files</Filter>
    </ClInclude>
    <ClInclude Include="..\Main Source Code\Source Code\dialog_utilities.h">
      <Filter>Header Files</Filter>
    </ClInclude>
    <ClInclude Include="..\Main Source Code\Source Code\dividers.h">
      <Filter>Header Files</Filter>
    </ClInclude>
    <ClInclude Include="..\Main Source Code\Source Code\dll.h">
      <Filter>Header Files</Filter>
    </ClInclude>
    <ClInclude Include="..\Main Source Code\Source Code\drawing.h">
      <Filter>Header Files</Filter>
    </ClInclude>
    <ClInclude Include="..\Main Source Code\Source Code\drawvector.h">
      <Filter>Header Files</Filter>
    </ClInclude>
    <ClInclude Include="..\Main Source Code\Source Code\edit_class.h">
      <Filter>Header Files</Filter>
    </ClInclude>
    <ClInclude Include="..\Main Source Code\Source Code\edit_dialogs.h">
      <Filter>Header Files</Filter>
    </ClInclude>
    <ClInclude Include="..\Main Source Code\Source Code\edit_files.h">
      <Filter>Header Files</Filter>
    </ClInclude>
    <ClInclude Include="..\Main Source Code\Source Code\edit_utilities.h">
      <Filter>Header Files</Filter>
    </ClInclude>
    <ClInclude Include="..\Main Source Code\Source Code\environment.h">
      <Filter>Header Files</Filter>
    </ClInclude>
    <ClInclude Include="..\Main Source Code\Source Code\error.h">
      <Filter>Header Files</Filter>
    </ClInclude>
    <ClInclude Include="..\Main Source Code\Source Code\evaluate.h">
      <Filter>Header Files</Filter>
    </ClInclude>
    <ClInclude Include="..\Main Source Code\Source Code\evaluate_complex.h">
      <Filter>Header Files</Filter>
    </ClInclude>
    <ClInclude Include="..\Main Source Code\Source Code\evaluate_simple.h">
      <Filter>Header Files</Filter>
    </ClInclude>
    <ClInclude Include="..\Main Source Code\Source Code\events_edit.h">
      <Filter>Header Files</Filter>
    </ClInclude>
    <ClInclude Include="..\Main Source Code\Source Code\export_data_1d.h">
      <Filter>Header Files</Filter>
    </ClInclude>
    <ClInclude Include="..\Main Source Code\Source Code\export_data_2d.h">
      <Filter>Header Files</Filter>
    </ClInclude>
    <ClInclude Include="..\Main Source Code\Source Code\export_data_3d.h">
      <Filter>Header Files</Filter>
    </ClInclude>
    <ClInclude Include="..\Main Source Code\Source Code\files.h">
      <Filter>Header Files</Filter>
    </ClInclude>
    <ClInclude Include="..\Main Source Code\Source Code\folderBrowser.h">
      <Filter>Header Files</Filter>
    </ClInclude>
    <ClInclude Include="..\Main Source Code\Source Code\font.h">
      <Filter>Header Files</Filter>
    </ClInclude>
    <ClInclude Include="..\Main Source Code\Source Code\fourier.h">
      <Filter>Header Files</Filter>
    </ClInclude>
    <ClInclude Include="..\Main Source Code\Source Code\ftp.h">
      <Filter>Header Files</Filter>
    </ClInclude>
    <ClInclude Include="..\Main Source Code\Source Code\globals.h">
      <Filter>Header Files</Filter>
    </ClInclude>
    <ClInclude Include="..\Main Source Code\Source Code\gridcontrol.h">
      <Filter>Header Files</Filter>
    </ClInclude>
    <ClInclude Include="..\Main Source Code\Source Code\guiInteractiveWindowBuilder.h">
      <Filter>Header Files</Filter>
    </ClInclude>
    <ClInclude Include="..\Main Source Code\Source Code\guiMakeObjects.h">
      <Filter>Header Files</Filter>
    </ClInclude>
    <ClInclude Include="..\Main Source Code\Source Code\guiModifyObjectParameters.h">
      <Filter>Header Files</Filter>
    </ClInclude>
    <ClInclude Include="..\Main Source Code\Source Code\guiObjectClass.h">
      <Filter>Header Files</Filter>
    </ClInclude>
    <ClInclude Include="..\Main Source Code\Source Code\guiWindowClass.h">
      <Filter>Header Files</Filter>
    </ClInclude>
    <ClInclude Include="..\Main Source Code\Source Code\guiWindowCLI.h">
      <Filter>Header Files</Filter>
    </ClInclude>
    <ClInclude Include="..\Main Source Code\Source Code\guiWindowsEvents.h">
      <Filter>Header Files</Filter>
    </ClInclude>
    <ClInclude Include="..\Main Source Code\Source Code\hr_time.h">
      <Filter>Header Files</Filter>
    </ClInclude>
    <ClInclude Include="..\Main Source Code\Source Code\htmlviewer.h">
      <Filter>Header Files</Filter>
    </ClInclude>
    <ClInclude Include="..\Main Source Code\Source Code\import_data_1d.h">
      <Filter>Header Files</Filter>
    </ClInclude>
    <ClInclude Include="..\Main Source Code\Source Code\import_data_2d.h">
      <Filter>Header Files</Filter>
    </ClInclude>
    <ClInclude Include="..\Main Source Code\Source Code\import_data_3d.h">
      <Filter>Header Files</Filter>
    </ClInclude>
    <ClInclude Include="..\Main Source Code\Source Code\import_export_utilities.h">
      <Filter>Header Files</Filter>
    </ClInclude>
    <ClInclude Include="..\Main Source Code\Source Code\Inset.h">
      <Filter>Header Files</Filter>
    </ClInclude>
    <ClInclude Include="..\Main Source Code\Source Code\InsetFile.h">
      <Filter>Header Files</Filter>
    </ClInclude>
    <ClInclude Include="..\Main Source Code\Source Code\integration.h">
      <Filter>Header Files</Filter>
    </ClInclude>
    <ClInclude Include="..\Main Source Code\Source Code\interface.h">
      <Filter>Header Files</Filter>
    </ClInclude>
    <ClInclude Include="..\Main Source Code\Source Code\license.h">
      <Filter>Header Files</Filter>
    </ClInclude>
    <ClInclude Include="..\Main Source Code\Source Code\list2d.h">
      <Filter>Header Files</Filter>
    </ClInclude>
    <ClInclude Include="..\Main Source Code\Source Code\list_functions.h">
      <Filter>Header Files</Filter>
    </ClInclude>
    <ClInclude Include="..\Main Source Code\Source Code\listbox.h">
      <Filter>Header Files</Filter>
    </ClInclude>
    <ClInclude Include="..\Main Source Code\Source Code\load_save_data.h">
      <Filter>Header Files</Filter>
    </ClInclude>
    <ClInclude Include="..\Main Source Code\Source Code\macro.h">
      <Filter>Header Files</Filter>
    </ClInclude>
    <ClInclude Include="..\Main Source Code\Source Code\macro_class.h">
      <Filter>Header Files</Filter>
    </ClInclude>
    <ClInclude Include="..\Main Source Code\Source Code\macrosource.h">
      <Filter>Header Files</Filter>
    </ClInclude>
    <ClInclude Include="..\Main Source Code\Source Code\main.h">
      <Filter>Header Files</Filter>
    </ClInclude>
    <ClInclude Include="..\Main Source Code\Source Code\message.h">
      <Filter>Header Files</Filter>
    </ClInclude>
    <ClInclude Include="..\Main Source Code\Source Code\metafile.h">
      <Filter>Header Files</Filter>
    </ClInclude>
    <ClInclude Include="..\Main Source Code\Source Code\myBoost.h">
      <Filter>Header Files</Filter>
    </ClInclude>
    <ClInclude Include="..\Main Source Code\Source Code\mymath.h">
      <Filter>Header Files</Filter>
    </ClInclude>
    <ClInclude Include="..\Main Source Code\Source Code\mytime.h">
      <Filter>Header Files</Filter>
    </ClInclude>
    <ClInclude Include="..\Main Source Code\Source Code\Observer.h">
      <Filter>Header Files</Filter>
    </ClInclude>
    <ClInclude Include="..\Main Source Code\Source Code\opengl.h">
      <Filter>Header Files</Filter>
    </ClInclude>
    <ClInclude Include="..\Main Source Code\Source Code\openglClass.h">
      <Filter>Header Files</Filter>
    </ClInclude>
    <ClInclude Include="..\Main Source Code\Source Code\operators.h">
      <Filter>Header Files</Filter>
    </ClInclude>
    <ClInclude Include="..\Main Source Code\Source Code\panel.h">
      <Filter>Header Files</Filter>
    </ClInclude>
    <ClInclude Include="..\Main Source Code\Source Code\phase.h">
      <Filter>Header Files</Filter>
    </ClInclude>
    <ClInclude Include="..\Main Source Code\Source Code\Plot.h">
      <Filter>Header Files</Filter>
    </ClInclude>
    <ClInclude Include="..\Main Source Code\Source Code\plot1dCLI.h">
      <Filter>Header Files</Filter>
    </ClInclude>
    <ClInclude Include="..\Main Source Code\Source Code\plot1dEvents.h">
      <Filter>Header Files</Filter>
    </ClInclude>
    <ClInclude Include="..\Main Source Code\Source Code\plot2dCLI.h">
      <Filter>Header Files</Filter>
    </ClInclude>
    <ClInclude Include="..\Main Source Code\Source Code\plot2dEvents.h">
      <Filter>Header Files</Filter>
    </ClInclude>
    <ClInclude Include="..\Main Source Code\Source Code\plot2dFiles.h">
      <Filter>Header Files</Filter>
    </ClInclude>
    <ClInclude Include="..\Main Source Code\Source Code\plot3dClass.h">
      <Filter>Header Files</Filter>
    </ClInclude>
    <ClInclude Include="..\Main Source Code\Source Code\plot3dEvents.h">
      <Filter>Header Files</Filter>
    </ClInclude>
    <ClInclude Include="..\Main Source Code\Source Code\plot3dSurface.h">
      <Filter>Header Files</Filter>
    </ClInclude>
    <ClInclude Include="..\Main Source Code\Source Code\plot_dialog_1d.h">
      <Filter>Header Files</Filter>
    </ClInclude>
    <ClInclude Include="..\Main Source Code\Source Code\plot_load_save_1d.h">
      <Filter>Header Files</Filter>
    </ClInclude>
    <ClInclude Include="..\Main Source Code\Source Code\plotCLI.h">
      <Filter>Header Files</Filter>
    </ClInclude>
    <ClInclude Include="..\Main Source Code\Source Code\PlotDimensions.h">
      <Filter>Header Files</Filter>
    </ClInclude>
    <ClInclude Include="..\Main Source Code\Source Code\PlotFile.h">
      <Filter>Header Files</Filter>
    </ClInclude>
    <ClInclude Include="..\Main Source Code\Source Code\PlotGrid.h">
      <Filter>Header Files</Filter>
    </ClInclude>
    <ClInclude Include="..\Main Source Code\Source Code\PlotGridFile.h">
      <Filter>Header Files</Filter>
    </ClInclude>
    <ClInclude Include="..\Main Source Code\Source Code\PlotLabel.h">
      <Filter>Header Files</Filter>
    </ClInclude>
    <ClInclude Include="..\Main Source Code\Source Code\PlotLabelFile.h">
      <Filter>Header Files</Filter>
    </ClInclude>
    <ClInclude Include="..\Main Source Code\Source Code\PlotLegendFile.h">
      <Filter>Header Files</Filter>
    </ClInclude>
    <ClInclude Include="..\Main Source Code\Source Code\plotLine.h">
      <Filter>Header Files</Filter>
    </ClInclude>
    <ClInclude Include="..\Main Source Code\Source Code\plotText.h">
      <Filter>Header Files</Filter>
    </ClInclude>
    <ClInclude Include="..\Main Source Code\Source Code\plotwindefaults.h">
      <Filter>Header Files</Filter>
    </ClInclude>
    <ClInclude Include="..\Main Source Code\Source Code\PlotWindow.h">
      <Filter>Header Files</Filter>
    </ClInclude>
    <ClInclude Include="..\Main Source Code\Source Code\preferences.h">
      <Filter>Header Files</Filter>
    </ClInclude>
    <ClInclude Include="..\Main Source Code\Source Code\print.h">
      <Filter>Header Files</Filter>
    </ClInclude>
    <ClInclude Include="..\Main Source Code\Source Code\process.h">
      <Filter>Header Files</Filter>
    </ClInclude>
    <ClInclude Include="..\Main Source Code\Source Code\ProspaCmdInfo.h">
      <Filter>Header Files</Filter>
    </ClInclude>
    <ClInclude Include="..\Main Source Code\Resources\resource.h">
      <Filter>Header Files</Filter>
    </ClInclude>
    <ClInclude Include="..\Main Source Code\Source Code\rgbColors.h">
      <Filter>Header Files</Filter>
    </ClInclude>
    <ClInclude Include="..\Main Source Code\Source Code\Scalable.h">
      <Filter>Header Files</Filter>
    </ClInclude>
    <ClInclude Include="..\Main Source Code\Source Code\scanstrings.h">
      <Filter>Header Files</Filter>
    </ClInclude>
    <ClInclude Include="..\Main Source Code\Source Code\prospaResource.h">
      <Filter>Header Files</Filter>
    </ClInclude>
    <ClInclude Include="..\Main Source Code\Source Code\ShortRect.h">
      <Filter>Header Files</Filter>
    </ClInclude>
    <ClInclude Include="..\Main Source Code\Source Code\sounds.h">
      <Filter>Header Files</Filter>
    </ClInclude>
    <ClInclude Include="..\Main Source Code\Source Code\SQLite\sqlite3.h">
      <Filter>Header Files</Filter>
    </ClInclude>
    <ClInclude Include="..\Main Source Code\Source Code\start_exit.h">
      <Filter>Header Files</Filter>
    </ClInclude>
    <ClInclude Include="..\Main Source Code\Source Code\stdafx.h">
      <Filter>Header Files</Filter>
    </ClInclude>
    <ClInclude Include="..\Main Source Code\Source Code\string_utilities.h">
      <Filter>Header Files</Filter>
    </ClInclude>
    <ClInclude Include="..\Main Source Code\Source Code\StringPairs.h">
      <Filter>Header Files</Filter>
    </ClInclude>
    <ClInclude Include="..\Main Source Code\Source Code\structure.h">
      <Filter>Header Files</Filter>
    </ClInclude>
    <ClInclude Include="..\Main Source Code\Source Code\syntax_viewer.h">
      <Filter>Header Files</Filter>
    </ClInclude>
    <ClInclude Include="..\Main Source Code\Source Code\tab.h">
      <Filter>Header Files</Filter>
    </ClInclude>
    <ClInclude Include="text.h">
      <Filter>Header Files</Filter>
    </ClInclude>
    <ClInclude Include="..\Main Source Code\Source Code\thread.h">
      <Filter>Header Files</Filter>
    </ClInclude>
    <ClInclude Include="..\Main Source Code\Source Code\Ticks.h">
      <Filter>Header Files</Filter>
    </ClInclude>
    <ClInclude Include="..\Main Source Code\Source Code\TicksFile.h">
      <Filter>Header Files</Filter>
    </ClInclude>
    <ClInclude Include="..\Main Source Code\Source Code\trace.h">
      <Filter>Header Files</Filter>
    </ClInclude>
    <ClInclude Include="..\Main Source Code\Source Code\TraceFile.h">
      <Filter>Header Files</Filter>
    </ClInclude>
    <ClInclude Include="..\Main Source Code\Source Code\TracePar.h">
      <Filter>Header Files</Filter>
    </ClInclude>
    <ClInclude Include="..\Main Source Code\Source Code\Translator.h">
      <Filter>Header Files</Filter>
    </ClInclude>
    <ClInclude Include="..\Main Source Code\Source Code\trie.h">
      <Filter>Header Files</Filter>
    </ClInclude>
    <ClInclude Include="..\Main Source Code\Source Code\winEnableClass.h">
      <Filter>Header Files</Filter>
    </ClInclude>
    <ClInclude Include="..\Main Source Code\Source Code\WidgetRegistry.h">
      <Filter>Header Files</Filter>
    </ClInclude>
    <ClInclude Include="..\Main Source Code\Source Code\WidgetCmdInfo.h">
      <Filter>Header Files</Filter>
    </ClInclude>
    <ClInclude Include="..\Main Source Code\Source Code\variablesOther.h">
      <Filter>Header Files</Filter>
    </ClInclude>
    <ClInclude Include="..\Main Source Code\Source Code\variablesClass.h">
      <Filter>Header Files</Filter>
    </ClInclude>
    <ClInclude Include="..\Main Source Code\Source Code\utilities.h">
      <Filter>Header Files</Filter>
    </ClInclude>
    <ClInclude Include="..\Main Source Code\Source Code\TraceParCLI.h">
      <Filter>Header Files</Filter>
    </ClInclude>
    <ClInclude Include="..\Main Source Code\Source Code\cache.h">
      <Filter>Header Files</Filter>
    </ClInclude>
    <ClInclude Include="..\Main Source Code\Source Code\memoryLeak.h">
      <Filter>Header Files</Filter>
    </ClInclude>
    <ClInclude Include="Header.h">
      <Filter>Header Files</Filter>
    </ClInclude>
    <ClInclude Include="dll.h">
      <Filter>Header Files</Filter>
    </ClInclude>
    <ClInclude Include="..\Main Source Code\Source Code\button.h">
      <Filter>Header Files</Filter>
    </ClInclude>
  </ItemGroup>
  <ItemGroup>
    <Image Include="..\Main Source Code\Resources\bitmap1.bmp">
      <Filter>Resource Files</Filter>
    </Image>
    <Image Include="..\Main Source Code\Resources\blank.bmp">
      <Filter>Resource Files</Filter>
    </Image>
    <Image Include="..\Main Source Code\Resources\bmp00001.bmp">
      <Filter>Resource Files</Filter>
    </Image>
    <Image Include="..\Main Source Code\Resources\book.bmp">
      <Filter>Resource Files</Filter>
    </Image>
    <Image Include="..\Main Source Code\Resources\button.bmp">
      <Filter>Resource Files</Filter>
    </Image>
    <Image Include="..\Main Source Code\Resources\center_ucs.bmp">
      <Filter>Resource Files</Filter>
    </Image>
    <Image Include="..\Main Source Code\Resources\checkbox.bmp">
      <Filter>Resource Files</Filter>
    </Image>
    <Image Include="..\Main Source Code\Resources\cli.bmp">
      <Filter>Resource Files</Filter>
    </Image>
    <Image Include="..\Main Source Code\Resources\closedfolder.bmp">
      <Filter>Resource Files</Filter>
    </Image>
    <Image Include="..\Main Source Code\Resources\colorbox.bmp">
      <Filter>Resource Files</Filter>
    </Image>
    <Image Include="..\Main Source Code\Resources\cursor.bmp">
      <Filter>Resource Files</Filter>
    </Image>
    <Image Include="..\Main Source Code\Resources\divider.bmp">
      <Filter>Resource Files</Filter>
    </Image>
    <Image Include="..\Main Source Code\Resources\editor.bmp">
      <Filter>Resource Files</Filter>
    </Image>
    <Image Include="..\Main Source Code\Resources\folder.bmp">
      <Filter>Resource Files</Filter>
    </Image>
    <Image Include="..\Main Source Code\Resources\full_ucs.bmp">
      <Filter>Resource Files</Filter>
    </Image>
    <Image Include="..\Main Source Code\Resources\full_ucs2.bmp">
      <Filter>Resource Files</Filter>
    </Image>
    <Image Include="..\Main Source Code\Resources\full_ucs3.bmp">
      <Filter>Resource Files</Filter>
    </Image>
    <Image Include="..\Main Source Code\Resources\full_ucs4.bmp">
      <Filter>Resource Files</Filter>
    </Image>
    <Image Include="..\Main Source Code\Resources\grid.bmp">
      <Filter>Resource Files</Filter>
    </Image>
    <Image Include="..\Main Source Code\Resources\groupbox.bmp">
      <Filter>Resource Files</Filter>
    </Image>
    <Image Include="..\Main Source Code\Resources\htmlbox.bmp">
      <Filter>Resource Files</Filter>
    </Image>
    <Image Include="..\Main Source Code\Resources\Linebtn.bmp">
      <Filter>Resource Files</Filter>
    </Image>
    <Image Include="..\Main Source Code\Resources\Linebtn1.bmp">
      <Filter>Resource Files</Filter>
    </Image>
    <Image Include="..\Main Source Code\Resources\Linebtn2.bmp">
      <Filter>Resource Files</Filter>
    </Image>
    <Image Include="..\Main Source Code\Resources\Linebtn3.bmp">
      <Filter>Resource Files</Filter>
    </Image>
    <Image Include="..\Main Source Code\Resources\Linebtn4.bmp">
      <Filter>Resource Files</Filter>
    </Image>
    <Image Include="..\Main Source Code\Resources\link.bmp">
      <Filter>Resource Files</Filter>
    </Image>
    <Image Include="..\Main Source Code\Resources\icon1.ico">
      <Filter>Resource Files</Filter>
    </Image>
    <Image Include="..\Main Source Code\Resources\listbox.bmp">
      <Filter>Resource Files</Filter>
    </Image>
    <Image Include="..\Main Source Code\Resources\openbook.bmp">
      <Filter>Resource Files</Filter>
    </Image>
    <Image Include="..\Main Source Code\Resources\openfolder.bmp">
      <Filter>Resource Files</Filter>
    </Image>
    <Image Include="..\Main Source Code\Resources\page.bmp">
      <Filter>Resource Files</Filter>
    </Image>
    <Image Include="..\Main Source Code\Resources\page2.bmp">
      <Filter>Resource Files</Filter>
    </Image>
    <Image Include="..\Main Source Code\Resources\picture.bmp">
      <Filter>Resource Files</Filter>
    </Image>
    <Image Include="..\Main Source Code\Resources\plot1d.bmp">
      <Filter>Resource Files</Filter>
    </Image>
    <Image Include="..\Main Source Code\Resources\plot2d.bmp">
      <Filter>Resource Files</Filter>
    </Image>
    <Image Include="..\Main Source Code\Resources\plot3d.bmp">
      <Filter>Resource Files</Filter>
    </Image>
    <Image Include="..\Main Source Code\Resources\plot_1D_toolbar.bmp">
      <Filter>Resource Files</Filter>
    </Image>
    <Image Include="..\Main Source Code\Resources\plot_2D_toolbar.bmp">
      <Filter>Resource Files</Filter>
    </Image>
    <Image Include="..\Main Source Code\Resources\plot_3D_toolbar.bmp">
      <Filter>Resource Files</Filter>
    </Image>
    <Image Include="..\Main Source Code\Resources\progressbar.bmp">
      <Filter>Resource Files</Filter>
    </Image>
    <Image Include="..\Main Source Code\Resources\prospa.ico">
      <Filter>Resource Files</Filter>
    </Image>
    <Image Include="prospa2.ico">
      <Filter>Resource Files</Filter>
    </Image>
    <Image Include="..\Main Source Code\Resources\prospa_file.bmp">
      <Filter>Resource Files</Filter>
    </Image>
    <Image Include="..\Main Source Code\Resources\radiobutton.bmp">
      <Filter>Resource Files</Filter>
    </Image>
    <Image Include="..\Main Source Code\Resources\slider.bmp">
      <Filter>Resource Files</Filter>
    </Image>
    <Image Include="..\Main Source Code\Resources\statictext.bmp">
      <Filter>Resource Files</Filter>
    </Image>
    <Image Include="..\Main Source Code\Resources\statusbox.bmp">
      <Filter>Resource Files</Filter>
    </Image>
    <Image Include="..\Main Source Code\Resources\symbolbtn1.bmp">
      <Filter>Resource Files</Filter>
    </Image>
    <Image Include="..\Main Source Code\Resources\symbolbtn10.bmp">
      <Filter>Resource Files</Filter>
    </Image>
    <Image Include="..\Main Source Code\Resources\symbolbtn11.bmp">
      <Filter>Resource Files</Filter>
    </Image>
    <Image Include="..\Main Source Code\Resources\symbolbtn12.bmp">
      <Filter>Resource Files</Filter>
    </Image>
    <Image Include="..\Main Source Code\Resources\symbolbtn2.bmp">
      <Filter>Resource Files</Filter>
    </Image>
    <Image Include="..\Main Source Code\Resources\symbolbtn13.bmp">
      <Filter>Resource Files</Filter>
    </Image>
    <Image Include="..\Main Source Code\Resources\symbolbtn3.bmp">
      <Filter>Resource Files</Filter>
    </Image>
    <Image Include="..\Main Source Code\Resources\symbolbtn4.bmp">
      <Filter>Resource Files</Filter>
    </Image>
    <Image Include="..\Main Source Code\Resources\symbolbtn5.bmp">
      <Filter>Resource Files</Filter>
    </Image>
    <Image Include="..\Main Source Code\Resources\symbolbtn6.bmp">
      <Filter>Resource Files</Filter>
    </Image>
    <Image Include="..\Main Source Code\Resources\symbolbtn7.bmp">
      <Filter>Resource Files</Filter>
    </Image>
    <Image Include="..\Main Source Code\Resources\symbolbtn8.bmp">
      <Filter>Resource Files</Filter>
    </Image>
    <Image Include="..\Main Source Code\Resources\symbolbtn9.bmp">
      <Filter>Resource Files</Filter>
    </Image>
    <Image Include="..\Main Source Code\Resources\tabcontrol.bmp">
      <Filter>Resource Files</Filter>
    </Image>
    <Image Include="..\Main Source Code\Resources\textbox.bmp">
      <Filter>Resource Files</Filter>
    </Image>
    <Image Include="..\Main Source Code\Resources\textmenu.bmp">
      <Filter>Resource Files</Filter>
    </Image>
    <Image Include="..\Main Source Code\Resources\updown.bmp">
      <Filter>Resource Files</Filter>
    </Image>
    <Image Include="..\Main Source Code\Resources\full_ucs5.bmp">
      <Filter>Resource Files</Filter>
    </Image>
    <Image Include="..\Main Source Code\Resources\full_ucs1.bmp">
      <Filter>Resource Files</Filter>
    </Image>
    <Image Include="..\Main Source Code\Resources\spinsolve.bmp">
      <Filter>Resource Files</Filter>
    </Image>
  </ItemGroup>
  <ItemGroup>
    <None Include="ClassDiagram.cd" />
    <None Include="..\Main Source Code\Resources\cross.cur">
      <Filter>Resource Files</Filter>
    </None>
    <None Include="..\Main Source Code\Resources\ctrl.cur">
      <Filter>Resource Files</Filter>
    </None>
    <None Include="..\Main Source Code\Resources\ctrl2.cur">
      <Filter>Resource Files</Filter>
    </None>
    <None Include="..\Main Source Code\Resources\horizdiv.cur">
      <Filter>Resource Files</Filter>
    </None>
    <None Include="..\Main Source Code\Resources\oned.cur">
      <Filter>Resource Files</Filter>
    </None>
    <None Include="..\Main Source Code\Resources\select_rectangle.cur">
      <Filter>Resource Files</Filter>
    </None>
    <None Include="..\Main Source Code\Resources\square.cur">
      <Filter>Resource Files</Filter>
    </None>
    <None Include="..\Main Source Code\Resources\twod.cur">
      <Filter>Resource Files</Filter>
    </None>
    <None Include="..\Main Source Code\Resources\vertdiv.cur">
      <Filter>Resource Files</Filter>
    </None>
  </ItemGroup>
  <ItemGroup>
    <Filter Include="Source Files">
      <UniqueIdentifier>{ce54f697-10f9-4618-b9ed-108eadebe071}</UniqueIdentifier>
    </Filter>
    <Filter Include="Header Files">
      <UniqueIdentifier>{2cbe5916-6d56-4f16-84ca-735481d61190}</UniqueIdentifier>
    </Filter>
    <Filter Include="Resource Files">
      <UniqueIdentifier>{43073085-db95-4403-b8f2-a1759ba7fe6a}</UniqueIdentifier>
    </Filter>
  </ItemGroup>
  <ItemGroup>
    <ResourceCompile Include="..\Main Source Code\Resources\prospa.rc">
      <Filter>Resource Files</Filter>
    </ResourceCompile>
  </ItemGroup>
</Project>