Microsoft Visual Studio Solution File, Format Version 12.00
# Visual Studio 2012
Project("{8BC9CEB8-8B4A-11D0-8D11-00A0C91BC942}") = "FBP", "FBP.vcxproj", "{2CE426AD-84E9-4EE2-8674-B4E092A5965E}"
EndProject
Global
	GlobalSection(SolutionConfigurationPlatforms) = preSolution
		Debug|Default = Debug|Default
		Release|Default = Release|Default
	EndGlobalSection
	GlobalSection(ProjectConfigurationPlatforms) = postSolution
		{2CE426AD-84E9-4EE2-8674-B4E092A5965E}.Debug|Default.ActiveCfg = Debug|Win32
		{2CE426AD-84E9-4EE2-8674-B4E092A5965E}.Debug|Default.Build.0 = Debug|Win32
		{2CE426AD-84E9-4EE2-8674-B4E092A5965E}.Release|Default.ActiveCfg = Release|Win32
		{2CE426AD-84E9-4EE2-8674-B4E092A5965E}.Release|Default.Build.0 = Release|Win32
	EndGlobalSection
	GlobalSection(SolutionProperties) = preSolution
		HideSolutionNode = FALSE
	EndGlobalSection
EndGlobal
